// !$*UTF8*$!
{
	archiveVersion = 1;
	classes = {
	};
	objectVersion = 50;
	objects = {

/* Begin PBXBuildFile section */
		B2D6FF2C251A94B1005FAD92 /* main.cpp in Sources */ = {isa = PBXBuildFile; fileRef = B2D6FF2B251A94B1005FAD92 /* main.cpp */; };
		B2D6FF38251AB5B3005FAD92 /* Administrador.cpp in Sources */ = {isa = PBXBuildFile; fileRef = B2D6FF36251AB5B3005FAD92 /* Administrador.cpp */; };
		B2D6FF3B251BAA16005FAD92 /* UserFila.cpp in Sources */ = {isa = PBXBuildFile; fileRef = B2D6FF39251BAA16005FAD92 /* UserFila.cpp */; };
/* End PBXBuildFile section */

/* Begin PBXCopyFilesBuildPhase section */
		B2D6FF26251A94B0005FAD92 /* CopyFiles */ = {
			isa = PBXCopyFilesBuildPhase;
			buildActionMask = 2147483647;
			dstPath = /usr/share/man/man1/;
			dstSubfolderSpec = 0;
			files = (
			);
			runOnlyForDeploymentPostprocessing = 1;
		};
/* End PBXCopyFilesBuildPhase section */

/* Begin PBXFileReference section */
		B2591D3C251C591600C3C8EF /* Ordenamiento.hpp */ = {isa = PBXFileReference; lastKnownFileType = sourcecode.cpp.h; path = Ordenamiento.hpp; sourceTree = "<group>"; };
		B2D6FF28251A94B1005FAD92 /* Ataque */ = {isa = PBXFileReference; explicitFileType = "compiled.mach-o.executable"; includeInIndex = 0; path = Ataque; sourceTree = BUILT_PRODUCTS_DIR; };
		B2D6FF2B251A94B1005FAD92 /* main.cpp */ = {isa = PBXFileReference; lastKnownFileType = sourcecode.cpp.cpp; path = main.cpp; sourceTree = "<group>"; };
		B2D6FF35251AA0D6005FAD92 /* equipo1.csv */ = {isa = PBXFileReference; lastKnownFileType = text; name = equipo1.csv; path = ../../../../../../Downloads/equipo1.csv; sourceTree = "<group>"; };
		B2D6FF36251AB5B3005FAD92 /* Administrador.cpp */ = {isa = PBXFileReference; lastKnownFileType = sourcecode.cpp.cpp; path = Administrador.cpp; sourceTree = "<group>"; };
		B2D6FF37251AB5B3005FAD92 /* Administrador.hpp */ = {isa = PBXFileReference; lastKnownFileType = sourcecode.cpp.h; path = Administrador.hpp; sourceTree = "<group>"; };
		B2D6FF39251BAA16005FAD92 /* UserFila.cpp */ = {isa = PBXFileReference; lastKnownFileType = sourcecode.cpp.cpp; path = UserFila.cpp; sourceTree = "<group>"; };
		B2D6FF3A251BAA16005FAD92 /* UserFila.hpp */ = {isa = PBXFileReference; lastKnownFileType = sourcecode.cpp.h; path = UserFila.hpp; sourceTree = "<group>"; };
/* End PBXFileReference section */

/* Begin PBXFrameworksBuildPhase section */
		B2D6FF25251A94B0005FAD92 /* Frameworks */ = {
			isa = PBXFrameworksBuildPhase;
			buildActionMask = 2147483647;
			files = (
			);
			runOnlyForDeploymentPostprocessing = 0;
		};
/* End PBXFrameworksBuildPhase section */

/* Begin PBXGroup section */
		B2D6FF1F251A94B0005FAD92 = {
			isa = PBXGroup;
			children = (
				B2D6FF2A251A94B1005FAD92 /* Ataque */,
				B2D6FF29251A94B1005FAD92 /* Products */,
			);
			sourceTree = "<group>";
		};
		B2D6FF29251A94B1005FAD92 /* Products */ = {
			isa = PBXGroup;
			children = (
				B2D6FF28251A94B1005FAD92 /* Ataque */,
			);
			name = Products;
			sourceTree = "<group>";
		};
		B2D6FF2A251A94B1005FAD92 /* Ataque */ = {
			isa = PBXGroup;
			children = (
				B2D6FF2B251A94B1005FAD92 /* main.cpp */,
				B2D6FF39251BAA16005FAD92 /* UserFila.cpp */,
				B2D6FF3A251BAA16005FAD92 /* UserFila.hpp */,
				B2D6FF36251AB5B3005FAD92 /* Administrador.cpp */,
				B2D6FF37251AB5B3005FAD92 /* Administrador.hpp */,
				B2591D3C251C591600C3C8EF /* Ordenamiento.hpp */,
				B2D6FF35251AA0D6005FAD92 /* equipo1.csv */,
			);
			path = Ataque;
			sourceTree = "<group>";
		};
/* End PBXGroup section */

/* Begin PBXNativeTarget section */
		B2D6FF27251A94B0005FAD92 /* Ataque */ = {
			isa = PBXNativeTarget;
			buildConfigurationList = B2D6FF2F251A94B1005FAD92 /* Build configuration list for PBXNativeTarget "Ataque" */;
			buildPhases = (
				B2D6FF24251A94B0005FAD92 /* Sources */,
				B2D6FF25251A94B0005FAD92 /* Frameworks */,
				B2D6FF26251A94B0005FAD92 /* CopyFiles */,
			);
			buildRules = (
			);
			dependencies = (
			);
			name = Ataque;
			productName = Ataque;
			productReference = B2D6FF28251A94B1005FAD92 /* Ataque */;
			productType = "com.apple.product-type.tool";
		};
/* End PBXNativeTarget section */

/* Begin PBXProject section */
		B2D6FF20251A94B0005FAD92 /* Project object */ = {
			isa = PBXProject;
			attributes = {
				LastUpgradeCheck = 1160;
				ORGANIZATIONNAME = "Matías Méndez";
				TargetAttributes = {
					B2D6FF27251A94B0005FAD92 = {
						CreatedOnToolsVersion = 11.6;
					};
				};
			};
			buildConfigurationList = B2D6FF23251A94B0005FAD92 /* Build configuration list for PBXProject "Ataque" */;
			compatibilityVersion = "Xcode 9.3";
			developmentRegion = en;
			hasScannedForEncodings = 0;
			knownRegions = (
				en,
				Base,
			);
			mainGroup = B2D6FF1F251A94B0005FAD92;
			productRefGroup = B2D6FF29251A94B1005FAD92 /* Products */;
			projectDirPath = "";
			projectRoot = "";
			targets = (
				B2D6FF27251A94B0005FAD92 /* Ataque */,
			);
		};
/* End PBXProject section */

/* Begin PBXSourcesBuildPhase section */
		B2D6FF24251A94B0005FAD92 /* Sources */ = {
			isa = PBXSourcesBuildPhase;
			buildActionMask = 2147483647;
			files = (
				B2D6FF3B251BAA16005FAD92 /* UserFila.cpp in Sources */,
				B2D6FF38251AB5B3005FAD92 /* Administrador.cpp in Sources */,
				B2D6FF2C251A94B1005FAD92 /* main.cpp in Sources */,
			);
			runOnlyForDeploymentPostprocessing = 0;
		};
/* End PBXSourcesBuildPhase section */

/* Begin XCBuildConfiguration section */
		B2D6FF2D251A94B1005FAD92 /* Debug */ = {
			isa = XCBuildConfiguration;
			buildSettings = {
				ALWAYS_SEARCH_USER_PATHS = NO;
				CLANG_ANALYZER_NONNULL = YES;
				CLANG_ANALYZER_NUMBER_OBJECT_CONVERSION = YES_AGGRESSIVE;
				CLANG_CXX_LANGUAGE_STANDARD = "gnu++14";
				CLANG_CXX_LIBRARY = "libc++";
				CLANG_ENABLE_MODULES = YES;
				CLANG_ENABLE_OBJC_ARC = YES;
				CLANG_ENABLE_OBJC_WEAK = YES;
				CLANG_WARN_BLOCK_CAPTURE_AUTORELEASING = YES;
				CLANG_WARN_BOOL_CONVERSION = YES;
				CLANG_WARN_COMMA = YES;
				CLANG_WARN_CONSTANT_CONVERSION = YES;
				CLANG_WARN_DEPRECATED_OBJC_IMPLEMENTATIONS = YES;
				CLANG_WARN_DIRECT_OBJC_ISA_USAGE = YES_ERROR;
				CLANG_WARN_DOCUMENTATION_COMMENTS = YES;
				CLANG_WARN_EMPTY_BODY = YES;
				CLANG_WARN_ENUM_CONVERSION = YES;
				CLANG_WARN_INFINITE_RECURSION = YES;
				CLANG_WARN_INT_CONVERSION = YES;
				CLANG_WARN_NON_LITERAL_NULL_CONVERSION = YES;
				CLANG_WARN_OBJC_IMPLICIT_RETAIN_SELF = YES;
				CLANG_WARN_OBJC_LITERAL_CONVERSION = YES;
				CLANG_WARN_OBJC_ROOT_CLASS = YES_ERROR;
				CLANG_WARN_RANGE_LOOP_ANALYSIS = YES;
				CLANG_WARN_STRICT_PROTOTYPES = YES;
				CLANG_WARN_SUSPICIOUS_MOVE = YES;
				CLANG_WARN_UNGUARDED_AVAILABILITY = YES_AGGRESSIVE;
				CLANG_WARN_UNREACHABLE_CODE = YES;
				CLANG_WARN__DUPLICATE_METHOD_MATCH = YES;
				COPY_PHASE_STRIP = NO;
				DEBUG_INFORMATION_FORMAT = dwarf;
				ENABLE_STRICT_OBJC_MSGSEND = YES;
				ENABLE_TESTABILITY = YES;
				GCC_C_LANGUAGE_STANDARD = gnu11;
				GCC_DYNAMIC_NO_PIC = NO;
				GCC_NO_COMMON_BLOCKS = YES;
				GCC_OPTIMIZATION_LEVEL = 0;
				GCC_PREPROCESSOR_DEFINITIONS = (
					"DEBUG=1",
					"$(inherited)",
				);
				GCC_WARN_64_TO_32_BIT_CONVERSION = YES;
				GCC_WARN_ABOUT_RETURN_TYPE = YES_ERROR;
				GCC_WARN_UNDECLARED_SELECTOR = YES;
				GCC_WARN_UNINITIALIZED_AUTOS = YES_AGGRESSIVE;
				GCC_WARN_UNUSED_FUNCTION = YES;
				GCC_WARN_UNUSED_VARIABLE = YES;
				MACOSX_DEPLOYMENT_TARGET = 10.15;
				MTL_ENABLE_DEBUG_INFO = INCLUDE_SOURCE;
				MTL_FAST_MATH = YES;
				ONLY_ACTIVE_ARCH = YES;
				SDKROOT = macosx;
			};
			name = Debug;
		};
		B2D6FF2E251A94B1005FAD92 /* Release */ = {
			isa = XCBuildConfiguration;
			buildSettings = {
				ALWAYS_SEARCH_USER_PATHS = NO;
				CLANG_ANALYZER_NONNULL = YES;
				CLANG_ANALYZER_NUMBER_OBJECT_CONVERSION = YES_AGGRESSIVE;
				CLANG_CXX_LANGUAGE_STANDARD = "gnu++14";
				CLANG_CXX_LIBRARY = "libc++";
				CLANG_ENABLE_MODULES = YES;
				CLANG_ENABLE_OBJC_ARC = YES;
				CLANG_ENABLE_OBJC_WEAK = YES;
				CLANG_WARN_BLOCK_CAPTURE_AUTORELEASING = YES;
				CLANG_WARN_BOOL_CONVERSION = YES;
				CLANG_WARN_COMMA = YES;
				CLANG_WARN_CONSTANT_CONVERSION = YES;
				CLANG_WARN_DEPRECATED_OBJC_IMPLEMENTATIONS = YES;
				CLANG_WARN_DIRECT_OBJC_ISA_USAGE = YES_ERROR;
				CLANG_WARN_DOCUMENTATION_COMMENTS = YES;
				CLANG_WARN_EMPTY_BODY = YES;
				CLANG_WARN_ENUM_CONVERSION = YES;
				CLANG_WARN_INFINITE_RECURSION = YES;
				CLANG_WARN_INT_CONVERSION = YES;
				CLANG_WARN_NON_LITERAL_NULL_CONVERSION = YES;
				CLANG_WARN_OBJC_IMPLICIT_RETAIN_SELF = YES;
				CLANG_WARN_OBJC_LITERAL_CONVERSION = YES;
				CLANG_WARN_OBJC_ROOT_CLASS = YES_ERROR;
				CLANG_WARN_RANGE_LOOP_ANALYSIS = YES;
				CLANG_WARN_STRICT_PROTOTYPES = YES;
				CLANG_WARN_SUSPICIOUS_MOVE = YES;
				CLANG_WARN_UNGUARDED_AVAILABILITY = YES_AGGRESSIVE;
				CLANG_WARN_UNREACHABLE_CODE = YES;
				CLANG_WARN__DUPLICATE_METHOD_MATCH = YES;
				COPY_PHASE_STRIP = NO;
				DEBUG_INFORMATION_FORMAT = "dwarf-with-dsym";
				ENABLE_NS_ASSERTIONS = NO;
				ENABLE_STRICT_OBJC_MSGSEND = YES;
				GCC_C_LANGUAGE_STANDARD = gnu11;
				GCC_NO_COMMON_BLOCKS = YES;
				GCC_WARN_64_TO_32_BIT_CONVERSION = YES;
				GCC_WARN_ABOUT_RETURN_TYPE = YES_ERROR;
				GCC_WARN_UNDECLARED_SELECTOR = YES;
				GCC_WARN_UNINITIALIZED_AUTOS = YES_AGGRESSIVE;
				GCC_WARN_UNUSED_FUNCTION = YES;
				GCC_WARN_UNUSED_VARIABLE = YES;
				MACOSX_DEPLOYMENT_TARGET = 10.15;
				MTL_ENABLE_DEBUG_INFO = NO;
				MTL_FAST_MATH = YES;
				SDKROOT = macosx;
			};
			name = Release;
		};
		B2D6FF30251A94B1005FAD92 /* Debug */ = {
			isa = XCBuildConfiguration;
			buildSettings = {
				CODE_SIGN_STYLE = Automatic;
				PRODUCT_NAME = "$(TARGET_NAME)";
			};
			name = Debug;
		};
		B2D6FF31251A94B1005FAD92 /* Release */ = {
			isa = XCBuildConfiguration;
			buildSettings = {
				CODE_SIGN_STYLE = Automatic;
				PRODUCT_NAME = "$(TARGET_NAME)";
			};
			name = Release;
		};
/* End XCBuildConfiguration section */

/* Begin XCConfigurationList section */
		B2D6FF23251A94B0005FAD92 /* Build configuration list for PBXProject "Ataque" */ = {
			isa = XCConfigurationList;
			buildConfigurations = (
				B2D6FF2D251A94B1005FAD92 /* Debug */,
				B2D6FF2E251A94B1005FAD92 /* Release */,
			);
			defaultConfigurationIsVisible = 0;
			defaultConfigurationName = Release;
		};
		B2D6FF2F251A94B1005FAD92 /* Build configuration list for PBXNativeTarget "Ataque" */ = {
			isa = XCConfigurationList;
			buildConfigurations = (
				B2D6FF30251A94B1005FAD92 /* Debug */,
				B2D6FF31251A94B1005FAD92 /* Release */,
			);
			defaultConfigurationIsVisible = 0;
			defaultConfigurationName = Release;
		};
/* End XCConfigurationList section */
	};
	rootObject = B2D6FF20251A94B0005FAD92 /* Project object */;
}
